
Microsoft Visual Studio Solution File, Format Version 12.00
# Visual Studio 15
VisualStudioVersion = 15.0.28307.852
MinimumVisualStudioVersion = 10.0.40219.1
Project("{FAE04EC0-301F-11D3-BF4B-00C04F79EFBC}") = "clase07.Android", "clase07\clase07.Android\clase07.Android.csproj", "{CE6A9967-2D4B-4D12-99B7-E95983687A98}"
EndProject
Project("{FAE04EC0-301F-11D3-BF4B-00C04F79EFBC}") = "clase07", "clase07\clase07\clase07.csproj", "{A86255EC-5950-421D-A2B9-036C5DAC97C4}"
EndProject
Global
	GlobalSection(SolutionConfigurationPlatforms) = preSolution
		Debug|Any CPU = Debug|Any CPU
		Release|Any CPU = Release|Any CPU
	EndGlobalSection
	GlobalSection(ProjectConfigurationPlatforms) = postSolution
		{CE6A9967-2D4B-4D12-99B7-E95983687A98}.Debug|Any CPU.ActiveCfg = Debug|Any CPU
		{CE6A9967-2D4B-4D12-99B7-E95983687A98}.Debug|Any CPU.Build.0 = Debug|Any CPU
		{CE6A9967-2D4B-4D12-99B7-E95983687A98}.Debug|Any CPU.Deploy.0 = Debug|Any CPU
		{CE6A9967-2D4B-4D12-99B7-E95983687A98}.Release|Any CPU.ActiveCfg = Release|Any CPU
		{CE6A9967-2D4B-4D12-99B7-E95983687A98}.Release|Any CPU.Build.0 = Release|Any CPU
		{CE6A9967-2D4B-4D12-99B7-E95983687A98}.Release|Any CPU.Deploy.0 = Release|Any CPU
		{A86255EC-5950-421D-A2B9-036C5DAC97C4}.Debug|Any CPU.ActiveCfg = Debug|Any CPU
		{A86255EC-5950-421D-A2B9-036C5DAC97C4}.Debug|Any CPU.Build.0 = Debug|Any CPU
		{A86255EC-5950-421D-A2B9-036C5DAC97C4}.Debug|Any CPU.Deploy.0 = Debug|Any CPU
		{A86255EC-5950-421D-A2B9-036C5DAC97C4}.Release|Any CPU.ActiveCfg = Release|Any CPU
		{A86255EC-5950-421D-A2B9-036C5DAC97C4}.Release|Any CPU.Build.0 = Release|Any CPU
		{A86255EC-5950-421D-A2B9-036C5DAC97C4}.Release|Any CPU.Deploy.0 = Release|Any CPU
	EndGlobalSection
	GlobalSection(SolutionProperties) = preSolution
		HideSolutionNode = FALSE
	EndGlobalSection
	GlobalSection(ExtensibilityGlobals) = postSolution
		SolutionGuid = {E79B4958-BEDF-4B29-8B6E-0963914ABD85}
	EndGlobalSection
EndGlobal
