
Microsoft Visual Studio Solution File, Format Version 12.00
# Visual Studio 15
VisualStudioVersion = 15.0.28307.421
MinimumVisualStudioVersion = 10.0.40219.1
Project("{FAE04EC0-301F-11D3-BF4B-00C04F79EFBC}") = "App2.Android", "App2\App2.Android\App2.Android.csproj", "{50A449F3-39F5-428A-A187-A874F6C92771}"
EndProject
Project("{FAE04EC0-301F-11D3-BF4B-00C04F79EFBC}") = "App2.iOS", "App2\App2.iOS\App2.iOS.csproj", "{C663A8CC-7FCB-4E29-9295-4B2CC87B761F}"
EndProject
Project("{FAE04EC0-301F-11D3-BF4B-00C04F79EFBC}") = "App2", "App2\App2\App2.csproj", "{FD8F5097-19DD-4E36-A946-AD794116D671}"
EndProject
Global
	GlobalSection(SolutionConfigurationPlatforms) = preSolution
		Ad-Hoc|Any CPU = Ad-Hoc|Any CPU
		Ad-Hoc|iPhone = Ad-Hoc|iPhone
		Ad-Hoc|iPhoneSimulator = Ad-Hoc|iPhoneSimulator
		AppStore|Any CPU = AppStore|Any CPU
		AppStore|iPhone = AppStore|iPhone
		AppStore|iPhoneSimulator = AppStore|iPhoneSimulator
		Debug|Any CPU = Debug|Any CPU
		Debug|iPhone = Debug|iPhone
		Debug|iPhoneSimulator = Debug|iPhoneSimulator
		Release|Any CPU = Release|Any CPU
		Release|iPhone = Release|iPhone
		Release|iPhoneSimulator = Release|iPhoneSimulator
	EndGlobalSection
	GlobalSection(ProjectConfigurationPlatforms) = postSolution
		{50A449F3-39F5-428A-A187-A874F6C92771}.Ad-Hoc|Any CPU.ActiveCfg = Release|Any CPU
		{50A449F3-39F5-428A-A187-A874F6C92771}.Ad-Hoc|Any CPU.Build.0 = Release|Any CPU
		{50A449F3-39F5-428A-A187-A874F6C92771}.Ad-Hoc|Any CPU.Deploy.0 = Release|Any CPU
		{50A449F3-39F5-428A-A187-A874F6C92771}.Ad-Hoc|iPhone.ActiveCfg = Release|Any CPU
		{50A449F3-39F5-428A-A187-A874F6C92771}.Ad-Hoc|iPhone.Build.0 = Release|Any CPU
		{50A449F3-39F5-428A-A187-A874F6C92771}.Ad-Hoc|iPhone.Deploy.0 = Release|Any CPU
		{50A449F3-39F5-428A-A187-A874F6C92771}.Ad-Hoc|iPhoneSimulator.ActiveCfg = Release|Any CPU
		{50A449F3-39F5-428A-A187-A874F6C92771}.Ad-Hoc|iPhoneSimulator.Build.0 = Release|Any CPU
		{50A449F3-39F5-428A-A187-A874F6C92771}.Ad-Hoc|iPhoneSimulator.Deploy.0 = Release|Any CPU
		{50A449F3-39F5-428A-A187-A874F6C92771}.AppStore|Any CPU.ActiveCfg = Release|Any CPU
		{50A449F3-39F5-428A-A187-A874F6C92771}.AppStore|Any CPU.Build.0 = Release|Any CPU
		{50A449F3-39F5-428A-A187-A874F6C92771}.AppStore|Any CPU.Deploy.0 = Release|Any CPU
		{50A449F3-39F5-428A-A187-A874F6C92771}.AppStore|iPhone.ActiveCfg = Release|Any CPU
		{50A449F3-39F5-428A-A187-A874F6C92771}.AppStore|iPhone.Build.0 = Release|Any CPU
		{50A449F3-39F5-428A-A187-A874F6C92771}.AppStore|iPhone.Deploy.0 = Release|Any CPU
		{50A449F3-39F5-428A-A187-A874F6C92771}.AppStore|iPhoneSimulator.ActiveCfg = Release|Any CPU
		{50A449F3-39F5-428A-A187-A874F6C92771}.AppStore|iPhoneSimulator.Build.0 = Release|Any CPU
		{50A449F3-39F5-428A-A187-A874F6C92771}.AppStore|iPhoneSimulator.Deploy.0 = Release|Any CPU
		{50A449F3-39F5-428A-A187-A874F6C92771}.Debug|Any CPU.ActiveCfg = Debug|Any CPU
		{50A449F3-39F5-428A-A187-A874F6C92771}.Debug|Any CPU.Build.0 = Debug|Any CPU
		{50A449F3-39F5-428A-A187-A874F6C92771}.Debug|Any CPU.Deploy.0 = Debug|Any CPU
		{50A449F3-39F5-428A-A187-A874F6C92771}.Debug|iPhone.ActiveCfg = Debug|Any CPU
		{50A449F3-39F5-428A-A187-A874F6C92771}.Debug|iPhone.Build.0 = Debug|Any CPU
		{50A449F3-39F5-428A-A187-A874F6C92771}.Debug|iPhone.Deploy.0 = Debug|Any CPU
		{50A449F3-39F5-428A-A187-A874F6C92771}.Debug|iPhoneSimulator.ActiveCfg = Debug|Any CPU
		{50A449F3-39F5-428A-A187-A874F6C92771}.Debug|iPhoneSimulator.Build.0 = Debug|Any CPU
		{50A449F3-39F5-428A-A187-A874F6C92771}.Debug|iPhoneSimulator.Deploy.0 = Debug|Any CPU
		{50A449F3-39F5-428A-A187-A874F6C92771}.Release|Any CPU.ActiveCfg = Release|Any CPU
		{50A449F3-39F5-428A-A187-A874F6C92771}.Release|Any CPU.Build.0 = Release|Any CPU
		{50A449F3-39F5-428A-A187-A874F6C92771}.Release|Any CPU.Deploy.0 = Release|Any CPU
		{50A449F3-39F5-428A-A187-A874F6C92771}.Release|iPhone.ActiveCfg = Release|Any CPU
		{50A449F3-39F5-428A-A187-A874F6C92771}.Release|iPhone.Build.0 = Release|Any CPU
		{50A449F3-39F5-428A-A187-A874F6C92771}.Release|iPhone.Deploy.0 = Release|Any CPU
		{50A449F3-39F5-428A-A187-A874F6C92771}.Release|iPhoneSimulator.ActiveCfg = Release|Any CPU
		{50A449F3-39F5-428A-A187-A874F6C92771}.Release|iPhoneSimulator.Build.0 = Release|Any CPU
		{50A449F3-39F5-428A-A187-A874F6C92771}.Release|iPhoneSimulator.Deploy.0 = Release|Any CPU
		{C663A8CC-7FCB-4E29-9295-4B2CC87B761F}.Ad-Hoc|Any CPU.ActiveCfg = Ad-Hoc|iPhone
		{C663A8CC-7FCB-4E29-9295-4B2CC87B761F}.Ad-Hoc|Any CPU.Build.0 = Ad-Hoc|iPhone
		{C663A8CC-7FCB-4E29-9295-4B2CC87B761F}.Ad-Hoc|Any CPU.Deploy.0 = Ad-Hoc|iPhone
		{C663A8CC-7FCB-4E29-9295-4B2CC87B761F}.Ad-Hoc|iPhone.ActiveCfg = Ad-Hoc|iPhone
		{C663A8CC-7FCB-4E29-9295-4B2CC87B761F}.Ad-Hoc|iPhone.Build.0 = Ad-Hoc|iPhone
		{C663A8CC-7FCB-4E29-9295-4B2CC87B761F}.Ad-Hoc|iPhone.Deploy.0 = Ad-Hoc|iPhone
		{C663A8CC-7FCB-4E29-9295-4B2CC87B761F}.Ad-Hoc|iPhoneSimulator.ActiveCfg = Ad-Hoc|iPhoneSimulator
		{C663A8CC-7FCB-4E29-9295-4B2CC87B761F}.Ad-Hoc|iPhoneSimulator.Build.0 = Ad-Hoc|iPhoneSimulator
		{C663A8CC-7FCB-4E29-9295-4B2CC87B761F}.Ad-Hoc|iPhoneSimulator.Deploy.0 = Ad-Hoc|iPhoneSimulator
		{C663A8CC-7FCB-4E29-9295-4B2CC87B761F}.AppStore|Any CPU.ActiveCfg = AppStore|iPhone
		{C663A8CC-7FCB-4E29-9295-4B2CC87B761F}.AppStore|Any CPU.Build.0 = AppStore|iPhone
		{C663A8CC-7FCB-4E29-9295-4B2CC87B761F}.AppStore|Any CPU.Deploy.0 = AppStore|iPhone
		{C663A8CC-7FCB-4E29-9295-4B2CC87B761F}.AppStore|iPhone.ActiveCfg = AppStore|iPhone
		{C663A8CC-7FCB-4E29-9295-4B2CC87B761F}.AppStore|iPhone.Build.0 = AppStore|iPhone
		{C663A8CC-7FCB-4E29-9295-4B2CC87B761F}.AppStore|iPhone.Deploy.0 = AppStore|iPhone
		{C663A8CC-7FCB-4E29-9295-4B2CC87B761F}.AppStore|iPhoneSimulator.ActiveCfg = AppStore|iPhoneSimulator
		{C663A8CC-7FCB-4E29-9295-4B2CC87B761F}.AppStore|iPhoneSimulator.Build.0 = AppStore|iPhoneSimulator
		{C663A8CC-7FCB-4E29-9295-4B2CC87B761F}.AppStore|iPhoneSimulator.Deploy.0 = AppStore|iPhoneSimulator
		{C663A8CC-7FCB-4E29-9295-4B2CC87B761F}.Debug|Any CPU.ActiveCfg = Debug|iPhoneSimulator
		{C663A8CC-7FCB-4E29-9295-4B2CC87B761F}.Debug|Any CPU.Build.0 = Debug|iPhoneSimulator
		{C663A8CC-7FCB-4E29-9295-4B2CC87B761F}.Debug|Any CPU.Deploy.0 = Debug|iPhoneSimulator
		{C663A8CC-7FCB-4E29-9295-4B2CC87B761F}.Debug|iPhone.ActiveCfg = Debug|iPhone
		{C663A8CC-7FCB-4E29-9295-4B2CC87B761F}.Debug|iPhone.Build.0 = Debug|iPhone
		{C663A8CC-7FCB-4E29-9295-4B2CC87B761F}.Debug|iPhone.Deploy.0 = Debug|iPhone
		{C663A8CC-7FCB-4E29-9295-4B2CC87B761F}.Debug|iPhoneSimulator.ActiveCfg = Debug|iPhoneSimulator
		{C663A8CC-7FCB-4E29-9295-4B2CC87B761F}.Debug|iPhoneSimulator.Build.0 = Debug|iPhoneSimulator
		{C663A8CC-7FCB-4E29-9295-4B2CC87B761F}.Debug|iPhoneSimulator.Deploy.0 = Debug|iPhoneSimulator
		{C663A8CC-7FCB-4E29-9295-4B2CC87B761F}.Release|Any CPU.ActiveCfg = Release|iPhone
		{C663A8CC-7FCB-4E29-9295-4B2CC87B761F}.Release|Any CPU.Build.0 = Release|iPhone
		{C663A8CC-7FCB-4E29-9295-4B2CC87B761F}.Release|Any CPU.Deploy.0 = Release|iPhone
		{C663A8CC-7FCB-4E29-9295-4B2CC87B761F}.Release|iPhone.ActiveCfg = Release|iPhone
		{C663A8CC-7FCB-4E29-9295-4B2CC87B761F}.Release|iPhone.Build.0 = Release|iPhone
		{C663A8CC-7FCB-4E29-9295-4B2CC87B761F}.Release|iPhone.Deploy.0 = Release|iPhone
		{C663A8CC-7FCB-4E29-9295-4B2CC87B761F}.Release|iPhoneSimulator.ActiveCfg = Release|iPhoneSimulator
		{C663A8CC-7FCB-4E29-9295-4B2CC87B761F}.Release|iPhoneSimulator.Build.0 = Release|iPhoneSimulator
		{C663A8CC-7FCB-4E29-9295-4B2CC87B761F}.Release|iPhoneSimulator.Deploy.0 = Release|iPhoneSimulator
		{FD8F5097-19DD-4E36-A946-AD794116D671}.Ad-Hoc|Any CPU.ActiveCfg = Debug|Any CPU
		{FD8F5097-19DD-4E36-A946-AD794116D671}.Ad-Hoc|Any CPU.Build.0 = Debug|Any CPU
		{FD8F5097-19DD-4E36-A946-AD794116D671}.Ad-Hoc|Any CPU.Deploy.0 = Debug|Any CPU
		{FD8F5097-19DD-4E36-A946-AD794116D671}.Ad-Hoc|iPhone.ActiveCfg = Debug|Any CPU
		{FD8F5097-19DD-4E36-A946-AD794116D671}.Ad-Hoc|iPhone.Build.0 = Debug|Any CPU
		{FD8F5097-19DD-4E36-A946-AD794116D671}.Ad-Hoc|iPhone.Deploy.0 = Debug|Any CPU
		{FD8F5097-19DD-4E36-A946-AD794116D671}.Ad-Hoc|iPhoneSimulator.ActiveCfg = Debug|Any CPU
		{FD8F5097-19DD-4E36-A946-AD794116D671}.Ad-Hoc|iPhoneSimulator.Build.0 = Debug|Any CPU
		{FD8F5097-19DD-4E36-A946-AD794116D671}.Ad-Hoc|iPhoneSimulator.Deploy.0 = Debug|Any CPU
		{FD8F5097-19DD-4E36-A946-AD794116D671}.AppStore|Any CPU.ActiveCfg = Debug|Any CPU
		{FD8F5097-19DD-4E36-A946-AD794116D671}.AppStore|Any CPU.Build.0 = Debug|Any CPU
		{FD8F5097-19DD-4E36-A946-AD794116D671}.AppStore|Any CPU.Deploy.0 = Debug|Any CPU
		{FD8F5097-19DD-4E36-A946-AD794116D671}.AppStore|iPhone.ActiveCfg = Debug|Any CPU
		{FD8F5097-19DD-4E36-A946-AD794116D671}.AppStore|iPhone.Build.0 = Debug|Any CPU
		{FD8F5097-19DD-4E36-A946-AD794116D671}.AppStore|iPhone.Deploy.0 = Debug|Any CPU
		{FD8F5097-19DD-4E36-A946-AD794116D671}.AppStore|iPhoneSimulator.ActiveCfg = Debug|Any CPU
		{FD8F5097-19DD-4E36-A946-AD794116D671}.AppStore|iPhoneSimulator.Build.0 = Debug|Any CPU
		{FD8F5097-19DD-4E36-A946-AD794116D671}.AppStore|iPhoneSimulator.Deploy.0 = Debug|Any CPU
		{FD8F5097-19DD-4E36-A946-AD794116D671}.Debug|Any CPU.ActiveCfg = Debug|Any CPU
		{FD8F5097-19DD-4E36-A946-AD794116D671}.Debug|Any CPU.Build.0 = Debug|Any CPU
		{FD8F5097-19DD-4E36-A946-AD794116D671}.Debug|Any CPU.Deploy.0 = Debug|Any CPU
		{FD8F5097-19DD-4E36-A946-AD794116D671}.Debug|iPhone.ActiveCfg = Debug|Any CPU
		{FD8F5097-19DD-4E36-A946-AD794116D671}.Debug|iPhone.Build.0 = Debug|Any CPU
		{FD8F5097-19DD-4E36-A946-AD794116D671}.Debug|iPhone.Deploy.0 = Debug|Any CPU
		{FD8F5097-19DD-4E36-A946-AD794116D671}.Debug|iPhoneSimulator.ActiveCfg = Debug|Any CPU
		{FD8F5097-19DD-4E36-A946-AD794116D671}.Debug|iPhoneSimulator.Build.0 = Debug|Any CPU
		{FD8F5097-19DD-4E36-A946-AD794116D671}.Debug|iPhoneSimulator.Deploy.0 = Debug|Any CPU
		{FD8F5097-19DD-4E36-A946-AD794116D671}.Release|Any CPU.ActiveCfg = Release|Any CPU
		{FD8F5097-19DD-4E36-A946-AD794116D671}.Release|Any CPU.Build.0 = Release|Any CPU
		{FD8F5097-19DD-4E36-A946-AD794116D671}.Release|Any CPU.Deploy.0 = Release|Any CPU
		{FD8F5097-19DD-4E36-A946-AD794116D671}.Release|iPhone.ActiveCfg = Release|Any CPU
		{FD8F5097-19DD-4E36-A946-AD794116D671}.Release|iPhone.Build.0 = Release|Any CPU
		{FD8F5097-19DD-4E36-A946-AD794116D671}.Release|iPhone.Deploy.0 = Release|Any CPU
		{FD8F5097-19DD-4E36-A946-AD794116D671}.Release|iPhoneSimulator.ActiveCfg = Release|Any CPU
		{FD8F5097-19DD-4E36-A946-AD794116D671}.Release|iPhoneSimulator.Build.0 = Release|Any CPU
		{FD8F5097-19DD-4E36-A946-AD794116D671}.Release|iPhoneSimulator.Deploy.0 = Release|Any CPU
	EndGlobalSection
	GlobalSection(SolutionProperties) = preSolution
		HideSolutionNode = FALSE
	EndGlobalSection
	GlobalSection(ExtensibilityGlobals) = postSolution
		SolutionGuid = {ABCCB683-E24B-4D7D-BB16-4133557AC1B3}
	EndGlobalSection
EndGlobal
