
Microsoft Visual Studio Solution File, Format Version 12.00
# Visual Studio 15
VisualStudioVersion = 15.0.28307.421
MinimumVisualStudioVersion = 10.0.40219.1
Project("{FAE04EC0-301F-11D3-BF4B-00C04F79EFBC}") = "Clase03.Android", "Clase03\Clase03.Android\Clase03.Android.csproj", "{A5B7F806-8AE2-49F4-9A5D-6711F082590A}"
EndProject
Project("{FAE04EC0-301F-11D3-BF4B-00C04F79EFBC}") = "Clase03", "Clase03\Clase03\Clase03.csproj", "{6F771276-DE56-494E-9D8C-B1C79A8008D3}"
EndProject
Global
	GlobalSection(SolutionConfigurationPlatforms) = preSolution
		Debug|Any CPU = Debug|Any CPU
		Release|Any CPU = Release|Any CPU
	EndGlobalSection
	GlobalSection(ProjectConfigurationPlatforms) = postSolution
		{A5B7F806-8AE2-49F4-9A5D-6711F082590A}.Debug|Any CPU.ActiveCfg = Debug|Any CPU
		{A5B7F806-8AE2-49F4-9A5D-6711F082590A}.Debug|Any CPU.Build.0 = Debug|Any CPU
		{A5B7F806-8AE2-49F4-9A5D-6711F082590A}.Debug|Any CPU.Deploy.0 = Debug|Any CPU
		{A5B7F806-8AE2-49F4-9A5D-6711F082590A}.Release|Any CPU.ActiveCfg = Release|Any CPU
		{A5B7F806-8AE2-49F4-9A5D-6711F082590A}.Release|Any CPU.Build.0 = Release|Any CPU
		{A5B7F806-8AE2-49F4-9A5D-6711F082590A}.Release|Any CPU.Deploy.0 = Release|Any CPU
		{6F771276-DE56-494E-9D8C-B1C79A8008D3}.Debug|Any CPU.ActiveCfg = Debug|Any CPU
		{6F771276-DE56-494E-9D8C-B1C79A8008D3}.Debug|Any CPU.Build.0 = Debug|Any CPU
		{6F771276-DE56-494E-9D8C-B1C79A8008D3}.Debug|Any CPU.Deploy.0 = Debug|Any CPU
		{6F771276-DE56-494E-9D8C-B1C79A8008D3}.Release|Any CPU.ActiveCfg = Release|Any CPU
		{6F771276-DE56-494E-9D8C-B1C79A8008D3}.Release|Any CPU.Build.0 = Release|Any CPU
		{6F771276-DE56-494E-9D8C-B1C79A8008D3}.Release|Any CPU.Deploy.0 = Release|Any CPU
	EndGlobalSection
	GlobalSection(SolutionProperties) = preSolution
		HideSolutionNode = FALSE
	EndGlobalSection
	GlobalSection(ExtensibilityGlobals) = postSolution
		SolutionGuid = {98BFF4C4-D3A6-4EF4-AF73-081D11067AAD}
	EndGlobalSection
EndGlobal
